
Microsoft Visual Studio Solution File, Format Version 12.00
# Visual Studio 2012
Project("{FAE04EC0-301F-11D3-BF4B-00C04F79EFBC}") = "PurchasingProcedures", "PurchasingProcedures\PurchasingProcedures.csproj", "{F4DAEE21-6DDD-4171-9AA4-988A5BDC301E}"
EndProject
Project("{FAE04EC0-301F-11D3-BF4B-00C04F79EFBC}") = "clsBuiness", "clsBuiness\clsBuiness.csproj", "{EB5D641B-D5B4-4FBA-BD08-0C3F19540A03}"
EndProject
Project("{FAE04EC0-301F-11D3-BF4B-00C04F79EFBC}") = "logic", "logic\logic.csproj", "{F7BC3D9C-FBB2-4B27-A53C-6E9B30F7CD4E}"
EndProject
Global
	GlobalSection(SolutionConfigurationPlatforms) = preSolution
		Debug|Any CPU = Debug|Any CPU
		Release|Any CPU = Release|Any CPU
	EndGlobalSection
	GlobalSection(ProjectConfigurationPlatforms) = postSolution
		{F4DAEE21-6DDD-4171-9AA4-988A5BDC301E}.Debug|Any CPU.ActiveCfg = Debug|Any CPU
		{F4DAEE21-6DDD-4171-9AA4-988A5BDC301E}.Debug|Any CPU.Build.0 = Debug|Any CPU
		{F4DAEE21-6DDD-4171-9AA4-988A5BDC301E}.Release|Any CPU.ActiveCfg = Release|Any CPU
		{F4DAEE21-6DDD-4171-9AA4-988A5BDC301E}.Release|Any CPU.Build.0 = Release|Any CPU
		{EB5D641B-D5B4-4FBA-BD08-0C3F19540A03}.Debug|Any CPU.ActiveCfg = Debug|Any CPU
		{EB5D641B-D5B4-4FBA-BD08-0C3F19540A03}.Debug|Any CPU.Build.0 = Debug|Any CPU
		{EB5D641B-D5B4-4FBA-BD08-0C3F19540A03}.Release|Any CPU.ActiveCfg = Release|Any CPU
		{EB5D641B-D5B4-4FBA-BD08-0C3F19540A03}.Release|Any CPU.Build.0 = Release|Any CPU
		{F7BC3D9C-FBB2-4B27-A53C-6E9B30F7CD4E}.Debug|Any CPU.ActiveCfg = Debug|Any CPU
		{F7BC3D9C-FBB2-4B27-A53C-6E9B30F7CD4E}.Debug|Any CPU.Build.0 = Debug|Any CPU
		{F7BC3D9C-FBB2-4B27-A53C-6E9B30F7CD4E}.Release|Any CPU.ActiveCfg = Release|Any CPU
		{F7BC3D9C-FBB2-4B27-A53C-6E9B30F7CD4E}.Release|Any CPU.Build.0 = Release|Any CPU
	EndGlobalSection
	GlobalSection(SolutionProperties) = preSolution
		HideSolutionNode = FALSE
	EndGlobalSection
EndGlobal
